{
    "_readme": [
        "This file locks the dependencies of your project to a known state",
        "Read more about it at https://getcomposer.org/doc/01-basic-usage.md#composer-lock-the-lock-file",
        "This file is @generated automatically"
    ],
    "hash": "fa921fa7659f4d4eee6184f3aa68f2dc",
    "content-hash": "600b1a4b050c0fd6750c3f99e9b73752",
    "packages": [
        {
            "name": "workerman/gateway-worker",
            "version": "v3.0.0",
            "source": {
                "type": "git",
                "url": "https://github.com/walkor/GatewayWorker.git",
                "reference": "0b2f416fcf49a4d54325c7f3583e801dd44d309b"
            },
            "dist": {
                "type": "zip",
                "url": "https://api.github.com/repos/walkor/GatewayWorker/zipball/0b2f416fcf49a4d54325c7f3583e801dd44d309b",
                "reference": "0b2f416fcf49a4d54325c7f3583e801dd44d309b",
                "shasum": ""
            },
            "require": {
                "workerman/workerman": ">=3.1.8"
            },
            "type": "library",
            "autoload": {
                "psr-4": {
                    "GatewayWorker\\": "./src"
                }
            },
            "notification-url": "https://packagist.org/downloads/",
            "license": [
                "MIT"
            ],
            "homepage": "http://www.workerman.net",
            "keywords": [
                "communication",
                "distributed"
            ],
            "time": "2016-10-17 14:01:30"
        },
        {
            "name": "workerman/workerman",
            "version": "dev-master",
            "source": {
                "type": "git",
                "url": "https://github.com/walkor/Workerman.git",
                "reference": "1cecdf378f6d02ab5bcd7b8e95d8e716c98b1ce0"
            },
            "dist": {
                "type": "zip",
                "url": "https://api.github.com/repos/walkor/Workerman/zipball/1cecdf378f6d02ab5bcd7b8e95d8e716c98b1ce0",
                "reference": "1cecdf378f6d02ab5bcd7b8e95d8e716c98b1ce0",
                "shasum": ""
            },
            "require": {
                "php": ">=5.3"
            },
            "suggest": {
                "ext-libevent": "For better performance."
            },
            "type": "project",
            "autoload": {
                "psr-4": {
                    "Workerman\\": "./"
                }
            },
            "notification-url": "https://packagist.org/downloads/",
            "license": [
                "MIT"
            ],
            "authors": [
                {
                    "name": "walkor",
                    "email": "walkor@workerman.net",
                    "homepage": "http://www.workerman.net",
                    "role": "Developer"
                }
            ],
            "description": "An asynchronous event driven PHP framework for easily building fast, scalable network applications.",
            "homepage": "http://www.workerman.net",
            "keywords": [
                "asynchronous",
                "event-loop"
            ],
            "time": "2016-10-13 01:37:09"
        }
    ],
    "packages-dev": [],
    "aliases": [],
    "minimum-stability": "dev",
    "stability-flags": [],
    "prefer-stable": false,
    "prefer-lowest": false,
    "platform": [],
    "platform-dev": []
}
